
Microsoft Visual Studio Solution File, Format Version 12.00
# Visual Studio 15
VisualStudioVersion = 15.0.27130.2027
MinimumVisualStudioVersion = 10.0.40219.1
Project("{FAE04EC0-301F-11D3-BF4B-00C04F79EFBC}") = "CrLfChecker", "CrLfChecker\CrLfChecker.csproj", "{7E5236E6-C1AF-4F96-A506-6C8A8C416497}"
EndProject
Project("{FAE04EC0-301F-11D3-BF4B-00C04F79EFBC}") = "CrLfChecker.Tests", "CrLfChecker.Tests\CrLfChecker.Tests.csproj", "{1B38EBF2-E1DA-485B-8125-00CD58A5F42E}"
EndProject
Global
	GlobalSection(SolutionConfigurationPlatforms) = preSolution
		Debug|Any CPU = Debug|Any CPU
		Release|Any CPU = Release|Any CPU
	EndGlobalSection
	GlobalSection(ProjectConfigurationPlatforms) = postSolution
		{7E5236E6-C1AF-4F96-A506-6C8A8C416497}.Debug|Any CPU.ActiveCfg = Debug|Any CPU
		{7E5236E6-C1AF-4F96-A506-6C8A8C416497}.Debug|Any CPU.Build.0 = Debug|Any CPU
		{7E5236E6-C1AF-4F96-A506-6C8A8C416497}.Release|Any CPU.ActiveCfg = Release|Any CPU
		{7E5236E6-C1AF-4F96-A506-6C8A8C416497}.Release|Any CPU.Build.0 = Release|Any CPU
		{1B38EBF2-E1DA-485B-8125-00CD58A5F42E}.Debug|Any CPU.ActiveCfg = Debug|Any CPU
		{1B38EBF2-E1DA-485B-8125-00CD58A5F42E}.Debug|Any CPU.Build.0 = Debug|Any CPU
		{1B38EBF2-E1DA-485B-8125-00CD58A5F42E}.Release|Any CPU.ActiveCfg = Release|Any CPU
		{1B38EBF2-E1DA-485B-8125-00CD58A5F42E}.Release|Any CPU.Build.0 = Release|Any CPU
	EndGlobalSection
	GlobalSection(SolutionProperties) = preSolution
		HideSolutionNode = FALSE
	EndGlobalSection
	GlobalSection(ExtensibilityGlobals) = postSolution
		SolutionGuid = {4A5C7FC7-DB19-4FFC-8FF0-23256564B318}
	EndGlobalSection
EndGlobal
